
Microsoft Visual Studio Solution File, Format Version 12.00
# Visual Studio Version 16
VisualStudioVersion = 16.0.31624.102
MinimumVisualStudioVersion = 10.0.40219.1
Project("{9A19103F-16F7-4668-BE54-9A1E7A4F7556}") = "API", "API\API.csproj", "{32BB82F6-C0CC-4994-96BC-EB9CFF1002F5}"
EndProject
Project("{2150E333-8FDC-42A3-9474-1A3956D46DE8}") = "PruebaAutoGlass", "PruebaAutoGlass", "{DB6E36C9-D4E2-4838-84ED-BAA92D70B304}"
EndProject
Project("{2150E333-8FDC-42A3-9474-1A3956D46DE8}") = "01. API", "01. API", "{F88A2BF0-2F6E-4F50-9AA9-5BBB9D6325EB}"
EndProject
Project("{2150E333-8FDC-42A3-9474-1A3956D46DE8}") = "02. Infrastructure", "02. Infrastructure", "{29C2D630-6BC6-46F2-A9A9-E2022BF9A934}"
EndProject
Project("{2150E333-8FDC-42A3-9474-1A3956D46DE8}") = "03. Domain", "03. Domain", "{5F042DCE-7546-4ADA-B4C6-4874698108F9}"
EndProject
Project("{9A19103F-16F7-4668-BE54-9A1E7A4F7556}") = "Domain", "Domain\Domain.csproj", "{E4A1902E-CEF0-4446-989A-26E0E904B490}"
EndProject
Project("{9A19103F-16F7-4668-BE54-9A1E7A4F7556}") = "Persistence.Database", "Persistence.Database\Persistence.Database.csproj", "{7E42D39D-D088-45B8-9546-01C5A01677EF}"
EndProject
Project("{2150E333-8FDC-42A3-9474-1A3956D46DE8}") = "Kernel", "Kernel", "{D8248A49-5CE4-4A56-A70A-D7324A47FAAE}"
EndProject
Project("{9A19103F-16F7-4668-BE54-9A1E7A4F7556}") = "Kernel", "Kernel\Kernel.csproj", "{73C309DA-572E-483E-9438-BB97E126A30D}"
EndProject
Project("{2150E333-8FDC-42A3-9474-1A3956D46DE8}") = "Services", "Services", "{268E7B9B-1689-486A-9CFE-86653A27C5A6}"
EndProject
Project("{2150E333-8FDC-42A3-9474-1A3956D46DE8}") = "Models", "Models", "{09BF632A-2BA8-4DAD-A21F-CF1C151DB0B4}"
EndProject
Project("{FAE04EC0-301F-11D3-BF4B-00C04F79EFBC}") = "Models.DTO", "Models.DTO\Models.DTO.csproj", "{92096D73-1465-499A-9B48-88BCBE852D23}"
EndProject
Project("{FAE04EC0-301F-11D3-BF4B-00C04F79EFBC}") = "Services", "Services\Services.csproj", "{C461D470-D0B0-491B-BB6D-25EC90C5FFE8}"
EndProject
Project("{FAE04EC0-301F-11D3-BF4B-00C04F79EFBC}") = "DataAccess", "DataAccess\DataAccess.csproj", "{F9BA2386-EC76-4090-B64C-DE5355185C0B}"
EndProject
Project("{2150E333-8FDC-42A3-9474-1A3956D46DE8}") = "Mapper", "Mapper", "{CB074EA3-6BC4-457A-8B97-50CB8BA6A7E8}"
EndProject
Project("{FAE04EC0-301F-11D3-BF4B-00C04F79EFBC}") = "Mapper.Automapper", "AutoMapper\Mapper.Automapper.csproj", "{95B2D05B-2210-4467-8D69-28813F56F36C}"
EndProject
Global
	GlobalSection(SolutionConfigurationPlatforms) = preSolution
		Debug|Any CPU = Debug|Any CPU
		Release|Any CPU = Release|Any CPU
	EndGlobalSection
	GlobalSection(ProjectConfigurationPlatforms) = postSolution
		{32BB82F6-C0CC-4994-96BC-EB9CFF1002F5}.Debug|Any CPU.ActiveCfg = Debug|Any CPU
		{32BB82F6-C0CC-4994-96BC-EB9CFF1002F5}.Debug|Any CPU.Build.0 = Debug|Any CPU
		{32BB82F6-C0CC-4994-96BC-EB9CFF1002F5}.Release|Any CPU.ActiveCfg = Release|Any CPU
		{32BB82F6-C0CC-4994-96BC-EB9CFF1002F5}.Release|Any CPU.Build.0 = Release|Any CPU
		{E4A1902E-CEF0-4446-989A-26E0E904B490}.Debug|Any CPU.ActiveCfg = Debug|Any CPU
		{E4A1902E-CEF0-4446-989A-26E0E904B490}.Debug|Any CPU.Build.0 = Debug|Any CPU
		{E4A1902E-CEF0-4446-989A-26E0E904B490}.Release|Any CPU.ActiveCfg = Release|Any CPU
		{E4A1902E-CEF0-4446-989A-26E0E904B490}.Release|Any CPU.Build.0 = Release|Any CPU
		{7E42D39D-D088-45B8-9546-01C5A01677EF}.Debug|Any CPU.ActiveCfg = Debug|Any CPU
		{7E42D39D-D088-45B8-9546-01C5A01677EF}.Debug|Any CPU.Build.0 = Debug|Any CPU
		{7E42D39D-D088-45B8-9546-01C5A01677EF}.Release|Any CPU.ActiveCfg = Release|Any CPU
		{7E42D39D-D088-45B8-9546-01C5A01677EF}.Release|Any CPU.Build.0 = Release|Any CPU
		{73C309DA-572E-483E-9438-BB97E126A30D}.Debug|Any CPU.ActiveCfg = Debug|Any CPU
		{73C309DA-572E-483E-9438-BB97E126A30D}.Debug|Any CPU.Build.0 = Debug|Any CPU
		{73C309DA-572E-483E-9438-BB97E126A30D}.Release|Any CPU.ActiveCfg = Release|Any CPU
		{73C309DA-572E-483E-9438-BB97E126A30D}.Release|Any CPU.Build.0 = Release|Any CPU
		{92096D73-1465-499A-9B48-88BCBE852D23}.Debug|Any CPU.ActiveCfg = Debug|Any CPU
		{92096D73-1465-499A-9B48-88BCBE852D23}.Debug|Any CPU.Build.0 = Debug|Any CPU
		{92096D73-1465-499A-9B48-88BCBE852D23}.Release|Any CPU.ActiveCfg = Release|Any CPU
		{92096D73-1465-499A-9B48-88BCBE852D23}.Release|Any CPU.Build.0 = Release|Any CPU
		{C461D470-D0B0-491B-BB6D-25EC90C5FFE8}.Debug|Any CPU.ActiveCfg = Debug|Any CPU
		{C461D470-D0B0-491B-BB6D-25EC90C5FFE8}.Debug|Any CPU.Build.0 = Debug|Any CPU
		{C461D470-D0B0-491B-BB6D-25EC90C5FFE8}.Release|Any CPU.ActiveCfg = Release|Any CPU
		{C461D470-D0B0-491B-BB6D-25EC90C5FFE8}.Release|Any CPU.Build.0 = Release|Any CPU
		{F9BA2386-EC76-4090-B64C-DE5355185C0B}.Debug|Any CPU.ActiveCfg = Debug|Any CPU
		{F9BA2386-EC76-4090-B64C-DE5355185C0B}.Debug|Any CPU.Build.0 = Debug|Any CPU
		{F9BA2386-EC76-4090-B64C-DE5355185C0B}.Release|Any CPU.ActiveCfg = Release|Any CPU
		{F9BA2386-EC76-4090-B64C-DE5355185C0B}.Release|Any CPU.Build.0 = Release|Any CPU
		{95B2D05B-2210-4467-8D69-28813F56F36C}.Debug|Any CPU.ActiveCfg = Debug|Any CPU
		{95B2D05B-2210-4467-8D69-28813F56F36C}.Debug|Any CPU.Build.0 = Debug|Any CPU
		{95B2D05B-2210-4467-8D69-28813F56F36C}.Release|Any CPU.ActiveCfg = Release|Any CPU
		{95B2D05B-2210-4467-8D69-28813F56F36C}.Release|Any CPU.Build.0 = Release|Any CPU
	EndGlobalSection
	GlobalSection(SolutionProperties) = preSolution
		HideSolutionNode = FALSE
	EndGlobalSection
	GlobalSection(NestedProjects) = preSolution
		{32BB82F6-C0CC-4994-96BC-EB9CFF1002F5} = {F88A2BF0-2F6E-4F50-9AA9-5BBB9D6325EB}
		{F88A2BF0-2F6E-4F50-9AA9-5BBB9D6325EB} = {DB6E36C9-D4E2-4838-84ED-BAA92D70B304}
		{29C2D630-6BC6-46F2-A9A9-E2022BF9A934} = {DB6E36C9-D4E2-4838-84ED-BAA92D70B304}
		{5F042DCE-7546-4ADA-B4C6-4874698108F9} = {DB6E36C9-D4E2-4838-84ED-BAA92D70B304}
		{E4A1902E-CEF0-4446-989A-26E0E904B490} = {5F042DCE-7546-4ADA-B4C6-4874698108F9}
		{7E42D39D-D088-45B8-9546-01C5A01677EF} = {29C2D630-6BC6-46F2-A9A9-E2022BF9A934}
		{73C309DA-572E-483E-9438-BB97E126A30D} = {D8248A49-5CE4-4A56-A70A-D7324A47FAAE}
		{268E7B9B-1689-486A-9CFE-86653A27C5A6} = {F88A2BF0-2F6E-4F50-9AA9-5BBB9D6325EB}
		{09BF632A-2BA8-4DAD-A21F-CF1C151DB0B4} = {F88A2BF0-2F6E-4F50-9AA9-5BBB9D6325EB}
		{92096D73-1465-499A-9B48-88BCBE852D23} = {09BF632A-2BA8-4DAD-A21F-CF1C151DB0B4}
		{C461D470-D0B0-491B-BB6D-25EC90C5FFE8} = {268E7B9B-1689-486A-9CFE-86653A27C5A6}
		{F9BA2386-EC76-4090-B64C-DE5355185C0B} = {29C2D630-6BC6-46F2-A9A9-E2022BF9A934}
		{CB074EA3-6BC4-457A-8B97-50CB8BA6A7E8} = {F88A2BF0-2F6E-4F50-9AA9-5BBB9D6325EB}
		{95B2D05B-2210-4467-8D69-28813F56F36C} = {CB074EA3-6BC4-457A-8B97-50CB8BA6A7E8}
	EndGlobalSection
	GlobalSection(ExtensibilityGlobals) = postSolution
		SolutionGuid = {69DAC826-D754-4DB5-8D32-9EE3EA658FAF}
	EndGlobalSection
EndGlobal
